<?xml version="1.0" encoding="utf-8"?>
<Project ToolsVersion="4.0" xmlns="http://schemas.microsoft.com/developer/msbuild/2003">
  <ItemGroup>
    <Filter Include="Source Files">
      <UniqueIdentifier>{4FC737F1-C7A5-4376-A066-2A32D752A2FF}</UniqueIdentifier>
      <Extensions>cpp;c;cc;cxx;c++;cppm;ixx;def;odl;idl;hpj;bat;asm;asmx</Extensions>
    </Filter>
    <Filter Include="Header Files">
      <UniqueIdentifier>{93995380-89BD-4b04-88EB-625FBE52EBFB}</UniqueIdentifier>
      <Extensions>h;hh;hpp;hxx;h++;hm;inl;inc;ipp;xsd</Extensions>
    </Filter>
    <Filter Include="Resource Files">
      <UniqueIdentifier>{67DA6AB6-F800-4c08-8B7A-83BB121AAD01}</UniqueIdentifier>
      <Extensions>rc;ico;cur;bmp;dlg;rc2;rct;bin;rgs;gif;jpg;jpeg;jpe;resx;tiff;tif;png;wav;mfcribbon-ms</Extensions>
    </Filter>
    <Filter Include="Source Files\proxy">
      <UniqueIdentifier>{2f5f8047-7176-46ab-81fc-cf3c60564a20}</UniqueIdentifier>
    </Filter>
    <Filter Include="Source Files\responses">
      <UniqueIdentifier>{8276e9c8-5ecb-4d9c-8e31-d17d0547bd59}</UniqueIdentifier>
    </Filter>
    <Filter Include="Source Files\mdb">
      <UniqueIdentifier>{8edc471f-c022-4458-ba08-2c6d6a565cae}</UniqueIdentifier>
    </Filter>
    <Filter Include="Source Files\edb">
      <UniqueIdentifier>{df75324a-8a5f-48b2-85f7-3cd89243ef4c}</UniqueIdentifier>
    </Filter>
    <Filter Include="Source Files\notifier">
      <UniqueIdentifier>{d41b2f6f-64a2-45f3-8224-501fc6bc4f9b}</UniqueIdentifier>
    </Filter>
    <Filter Include="Source Files\config">
      <UniqueIdentifier>{b99a1577-4528-43fc-b48b-15daf6ad1737}</UniqueIdentifier>
    </Filter>
    <Filter Include="Source Files\requests">
      <UniqueIdentifier>{5848b94d-eb36-4a6f-bc2d-a86f927e937b}</UniqueIdentifier>
    </Filter>
  </ItemGroup>
  <ItemGroup>
    <ClCompile Include="dllmain.cpp">
      <Filter>Source Files</Filter>
    </ClCompile>
    <ClCompile Include="proxy.cpp">
      <Filter>Source Files\proxy</Filter>
    </ClCompile>
    <ClCompile Include="hook.cpp">
      <Filter>Source Files</Filter>
    </ClCompile>
    <ClCompile Include="responses.cpp">
      <Filter>Source Files\responses</Filter>
    </ClCompile>
    <ClCompile Include="mdb.cpp">
      <Filter>Source Files\mdb</Filter>
    </ClCompile>
    <ClCompile Include="edb.cpp">
      <Filter>Source Files\edb</Filter>
    </ClCompile>
    <ClCompile Include="notifier.cpp">
      <Filter>Source Files\notifier</Filter>
    </ClCompile>
    <ClCompile Include="config.cpp">
      <Filter>Source Files\config</Filter>
    </ClCompile>
    <ClCompile Include="requests.cpp">
      <Filter>Source Files\requests</Filter>
    </ClCompile>
  </ItemGroup>
  <ItemGroup>
    <None Include="version.def">
      <Filter>Source Files\proxy</Filter>
    </None>
  </ItemGroup>
  <ItemGroup>
    <MASM Include="version.asm">
      <Filter>Source Files\proxy</Filter>
    </MASM>
  </ItemGroup>
  <ItemGroup>
    <ClInclude Include="resource.h">
      <Filter>Header Files</Filter>
    </ClInclude>
    <ClInclude Include="responses.hpp">
      <Filter>Source Files\responses</Filter>
    </ClInclude>
    <ClInclude Include="mdb.hpp">
      <Filter>Source Files\mdb</Filter>
    </ClInclude>
    <ClInclude Include="edb.hpp">
      <Filter>Source Files\edb</Filter>
    </ClInclude>
    <ClInclude Include="notifier.hpp">
      <Filter>Source Files\notifier</Filter>
    </ClInclude>
    <ClInclude Include="config.hpp">
      <Filter>Source Files\config</Filter>
    </ClInclude>
    <ClInclude Include="requests.hpp">
      <Filter>Source Files\requests</Filter>
    </ClInclude>
  </ItemGroup>
  <ItemGroup>
    <ResourceCompile Include="EXNOA-CarrotJuicer.rc">
      <Filter>Resource Files</Filter>
    </ResourceCompile>
  </ItemGroup>
</Project>